{
    "_readme": [
        "This file locks the dependencies of your project to a known state",
        "Read more about it at https://getcomposer.org/doc/01-basic-usage.md#installing-dependencies",
        "This file is @generated automatically"
    ],
    "content-hash": "0580e7ed59a1db52ef15aa7b43b40348",
    "packages": [
        {
            "name": "2captcha/2captcha",
            "version": "v1.2.1",
            "source": {
                "type": "git",
                "url": "https://github.com/2captcha/2captcha-php.git",
                "reference": "fa04f580fb32867204be0d5cae8891cc29f4e92e"
            },
            "dist": {
                "type": "zip",
                "url": "https://api.github.com/repos/2captcha/2captcha-php/zipball/fa04f580fb32867204be0d5cae8891cc29f4e92e",
                "reference": "fa04f580fb32867204be0d5cae8891cc29f4e92e",
                "shasum": ""
            },
            "require": {
                "ext-curl": "*",
                "ext-fileinfo": "*",
                "ext-mbstring": "*",
                "php": ">=7.3"
            },
            "require-dev": {
                "phpunit/phpunit": "9.6.*"
            },
            "type": "library",
            "autoload": {
                "psr-4": {
                    "TwoCaptcha\\": "src/"
                }
            },
            "notification-url": "https://packagist.org/downloads/",
            "license": [
                "MIT"
            ],
            "authors": [
                {
                    "name": "2captcha",
                    "email": "info@2captcha.com",
                    "homepage": "https://2captcha.com/"
                }
            ],
            "description": "PHP package for easy integration with 2captcha API",
            "keywords": [
                "2captcha",
                "2captcha.com",
                "Cutcaptcha",
                "MTCaptcha",
                "amazon waf",
                "anticaptcha",
                "atbCAPTCHA",
                "audio captcha",
                "bypass captcha",
                "captcha",
                "captcha solver",
                "cloudflare turnstile",
                "datadome",
                "decaptcha",
                "friendly captcha",
                "funcaptcha",
                "geetest",
                "keycaptcha",
                "lemin",
                "reCAPTCHA V2",
                "recaptcha",
                "recaptcha v3",
                "solve captcha",
                "tencent"
            ],
            "support": {
                "issues": "https://github.com/2captcha/2captcha-php/issues",
                "source": "https://github.com/2captcha/2captcha-php/tree/v1.2.1"
            },
            "time": "2024-12-04T10:25:37+00:00"
        },
        {
            "name": "twilio/sdk",
            "version": "8.5.0",
            "source": {
                "type": "git",
                "url": "https://github.com/twilio/twilio-php.git",
                "reference": "a68a13ed8ddc720d5adb580cbc22b4fd80dc6b38"
            },
            "dist": {
                "type": "zip",
                "url": "https://api.github.com/repos/twilio/twilio-php/zipball/a68a13ed8ddc720d5adb580cbc22b4fd80dc6b38",
                "reference": "a68a13ed8ddc720d5adb580cbc22b4fd80dc6b38",
                "shasum": ""
            },
            "require": {
                "php": ">=7.1.0"
            },
            "require-dev": {
                "guzzlehttp/guzzle": "^6.3 || ^7.0",
                "phpunit/phpunit": ">=7.0 < 10"
            },
            "suggest": {
                "guzzlehttp/guzzle": "An HTTP client to execute the API requests"
            },
            "type": "library",
            "autoload": {
                "psr-4": {
                    "Twilio\\": "src/Twilio/"
                }
            },
            "notification-url": "https://packagist.org/downloads/",
            "license": [
                "MIT"
            ],
            "authors": [
                {
                    "name": "Twilio API Team",
                    "email": "api@twilio.com"
                }
            ],
            "description": "A PHP wrapper for Twilio's API",
            "homepage": "https://github.com/twilio/twilio-php",
            "keywords": [
                "api",
                "sms",
                "twilio"
            ],
            "support": {
                "issues": "https://github.com/twilio/twilio-php/issues",
                "source": "https://github.com/twilio/twilio-php/tree/8.5.0"
            },
            "time": "2025-04-07T15:34:07+00:00"
        }
    ],
    "packages-dev": [],
    "aliases": [],
    "minimum-stability": "stable",
    "stability-flags": {},
    "prefer-stable": false,
    "prefer-lowest": false,
    "platform": {},
    "platform-dev": {},
    "plugin-api-version": "2.6.0"
}
